
Microsoft Visual Studio Solution File, Format Version 12.00
# Visual Studio Version 17
VisualStudioVersion = 17.5.33516.290
MinimumVisualStudioVersion = 10.0.40219.1
Project("{FAE04EC0-301F-11D3-BF4B-00C04F79EFBC}") = "ArduinoNotes.Android", "ArduinoNotes\ArduinoNotes.Android\ArduinoNotes.Android.csproj", "{ADEA1615-DFE6-4F73-85BC-5073F82F6521}"
EndProject
Project("{FAE04EC0-301F-11D3-BF4B-00C04F79EFBC}") = "ArduinoNotes", "ArduinoNotes\ArduinoNotes\ArduinoNotes.csproj", "{7DC42426-65AC-47B0-85EC-2D88DF609D74}"
EndProject
Global
	GlobalSection(SolutionConfigurationPlatforms) = preSolution
		Debug|Any CPU = Debug|Any CPU
		Release|Any CPU = Release|Any CPU
	EndGlobalSection
	GlobalSection(ProjectConfigurationPlatforms) = postSolution
		{ADEA1615-DFE6-4F73-85BC-5073F82F6521}.Debug|Any CPU.ActiveCfg = Debug|Any CPU
		{ADEA1615-DFE6-4F73-85BC-5073F82F6521}.Debug|Any CPU.Build.0 = Debug|Any CPU
		{ADEA1615-DFE6-4F73-85BC-5073F82F6521}.Debug|Any CPU.Deploy.0 = Debug|Any CPU
		{ADEA1615-DFE6-4F73-85BC-5073F82F6521}.Release|Any CPU.ActiveCfg = Release|Any CPU
		{ADEA1615-DFE6-4F73-85BC-5073F82F6521}.Release|Any CPU.Build.0 = Release|Any CPU
		{ADEA1615-DFE6-4F73-85BC-5073F82F6521}.Release|Any CPU.Deploy.0 = Release|Any CPU
		{7DC42426-65AC-47B0-85EC-2D88DF609D74}.Debug|Any CPU.ActiveCfg = Debug|Any CPU
		{7DC42426-65AC-47B0-85EC-2D88DF609D74}.Debug|Any CPU.Build.0 = Debug|Any CPU
		{7DC42426-65AC-47B0-85EC-2D88DF609D74}.Debug|Any CPU.Deploy.0 = Debug|Any CPU
		{7DC42426-65AC-47B0-85EC-2D88DF609D74}.Release|Any CPU.ActiveCfg = Release|Any CPU
		{7DC42426-65AC-47B0-85EC-2D88DF609D74}.Release|Any CPU.Build.0 = Release|Any CPU
		{7DC42426-65AC-47B0-85EC-2D88DF609D74}.Release|Any CPU.Deploy.0 = Release|Any CPU
	EndGlobalSection
	GlobalSection(SolutionProperties) = preSolution
		HideSolutionNode = FALSE
	EndGlobalSection
	GlobalSection(ExtensibilityGlobals) = postSolution
		SolutionGuid = {D12E9194-547E-45D1-981A-94B02D9780FA}
	EndGlobalSection
EndGlobal
